
Microsoft Visual Studio Solution File, Format Version 12.00
# Visual Studio Version 16
VisualStudioVersion = 16.0.29613.14
MinimumVisualStudioVersion = 10.0.40219.1
Project("{9A19103F-16F7-4668-BE54-9A1E7A4F7556}") = "GoldenShoe.Site", "GoldenShoe.Site.csproj", "{959341D5-E03F-4E1D-90CE-5BBEDDC777B3}"
EndProject
Project("{9A19103F-16F7-4668-BE54-9A1E7A4F7556}") = "StoreLibrary", "..\StoreLibrary\StoreLibrary.csproj", "{12090BFD-876F-4AED-9BCD-E9A19D4E4A2C}"
EndProject
Global
	GlobalSection(SolutionConfigurationPlatforms) = preSolution
		Debug|Any CPU = Debug|Any CPU
		Release|Any CPU = Release|Any CPU
	EndGlobalSection
	GlobalSection(ProjectConfigurationPlatforms) = postSolution
		{959341D5-E03F-4E1D-90CE-5BBEDDC777B3}.Debug|Any CPU.ActiveCfg = Debug|Any CPU
		{959341D5-E03F-4E1D-90CE-5BBEDDC777B3}.Debug|Any CPU.Build.0 = Debug|Any CPU
		{959341D5-E03F-4E1D-90CE-5BBEDDC777B3}.Release|Any CPU.ActiveCfg = Release|Any CPU
		{959341D5-E03F-4E1D-90CE-5BBEDDC777B3}.Release|Any CPU.Build.0 = Release|Any CPU
		{12090BFD-876F-4AED-9BCD-E9A19D4E4A2C}.Debug|Any CPU.ActiveCfg = Debug|Any CPU
		{12090BFD-876F-4AED-9BCD-E9A19D4E4A2C}.Debug|Any CPU.Build.0 = Debug|Any CPU
		{12090BFD-876F-4AED-9BCD-E9A19D4E4A2C}.Release|Any CPU.ActiveCfg = Release|Any CPU
		{12090BFD-876F-4AED-9BCD-E9A19D4E4A2C}.Release|Any CPU.Build.0 = Release|Any CPU
	EndGlobalSection
	GlobalSection(SolutionProperties) = preSolution
		HideSolutionNode = FALSE
	EndGlobalSection
	GlobalSection(ExtensibilityGlobals) = postSolution
		SolutionGuid = {9DC0177F-A19A-488F-971A-5D8F1CFA382D}
	EndGlobalSection
EndGlobal
